
Microsoft Visual Studio Solution File, Format Version 12.00
# Visual Studio Version 17
VisualStudioVersion = 17.14.37111.16 d17.14
MinimumVisualStudioVersion = 10.0.40219.1
Project("{FAE04EC0-301F-11D3-BF4B-00C04F79EFBC}") = "03_CSharp", "03_CSharp.csproj", "{EF8CFCD2-AFB1-B304-5732-714F6A106006}"
EndProject
Global
	GlobalSection(SolutionConfigurationPlatforms) = preSolution
		Debug|Any CPU = Debug|Any CPU
		Release|Any CPU = Release|Any CPU
	EndGlobalSection
	GlobalSection(ProjectConfigurationPlatforms) = postSolution
		{EF8CFCD2-AFB1-B304-5732-714F6A106006}.Debug|Any CPU.ActiveCfg = Debug|Any CPU
		{EF8CFCD2-AFB1-B304-5732-714F6A106006}.Debug|Any CPU.Build.0 = Debug|Any CPU
		{EF8CFCD2-AFB1-B304-5732-714F6A106006}.Release|Any CPU.ActiveCfg = Release|Any CPU
		{EF8CFCD2-AFB1-B304-5732-714F6A106006}.Release|Any CPU.Build.0 = Release|Any CPU
	EndGlobalSection
	GlobalSection(SolutionProperties) = preSolution
		HideSolutionNode = FALSE
	EndGlobalSection
	GlobalSection(ExtensibilityGlobals) = postSolution
		SolutionGuid = {844A4984-04A4-4A15-8BF0-36124E85AF97}
	EndGlobalSection
EndGlobal
